
Microsoft Visual Studio Solution File, Format Version 12.00
# Visual Studio Version 17
VisualStudioVersion = 17.0.31903.59
MinimumVisualStudioVersion = 10.0.40219.1
Project("{2150E333-8FDC-42A3-9474-1A3956D46DE8}") = "src", "src", "{5890650F-5970-46EF-8787-5E58A8858493}"
EndProject
Project("{FAE04EC0-301F-11D3-BF4B-00C04F79EFBC}") = "Quartz.Persistence.MongoDB", "src\Quartz.Persistence.MongoDB\Quartz.Persistence.MongoDB.csproj", "{D3266CA1-E489-4FED-90F3-2039138EB0B7}"
EndProject
Global
	GlobalSection(SolutionConfigurationPlatforms) = preSolution
		Debug|Any CPU = Debug|Any CPU
		Release|Any CPU = Release|Any CPU
	EndGlobalSection
	GlobalSection(SolutionProperties) = preSolution
		HideSolutionNode = FALSE
	EndGlobalSection
	GlobalSection(ProjectConfigurationPlatforms) = postSolution
		{D3266CA1-E489-4FED-90F3-2039138EB0B7}.Debug|Any CPU.ActiveCfg = Debug|Any CPU
		{D3266CA1-E489-4FED-90F3-2039138EB0B7}.Debug|Any CPU.Build.0 = Debug|Any CPU
		{D3266CA1-E489-4FED-90F3-2039138EB0B7}.Release|Any CPU.ActiveCfg = Release|Any CPU
		{D3266CA1-E489-4FED-90F3-2039138EB0B7}.Release|Any CPU.Build.0 = Release|Any CPU
	EndGlobalSection
	GlobalSection(NestedProjects) = preSolution
		{D3266CA1-E489-4FED-90F3-2039138EB0B7} = {5890650F-5970-46EF-8787-5E58A8858493}
	EndGlobalSection
EndGlobal
